// !$*UTF8*$!
{
	archiveVersion = 1;
	classes = {
	};
	objectVersion = 56;
	objects = {

/* Begin PBXBuildFile section */
		6720502E2BA9F8C6005B00E7 /* SwiftUI_DaysApp.swift in Sources */ = {isa = PBXBuildFile; fileRef = 6720502D2BA9F8C6005B00E7 /* SwiftUI_DaysApp.swift */; };
		672050302BA9F8C6005B00E7 /* MainScreen.swift in Sources */ = {isa = PBXBuildFile; fileRef = 6720502F2BA9F8C6005B00E7 /* MainScreen.swift */; };
		672050322BA9F8C6005B00E7 /* Item.swift in Sources */ = {isa = PBXBuildFile; fileRef = 672050312BA9F8C6005B00E7 /* Item.swift */; };
		672050342BA9F8C7005B00E7 /* Assets.xcassets in Resources */ = {isa = PBXBuildFile; fileRef = 672050332BA9F8C7005B00E7 /* Assets.xcassets */; };
		672050382BA9F8C7005B00E7 /* Preview Assets.xcassets in Resources */ = {isa = PBXBuildFile; fileRef = 672050372BA9F8C7005B00E7 /* Preview Assets.xcassets */; };
		6720505B2BAA0BAE005B00E7 /* ItemScreen.swift in Sources */ = {isa = PBXBuildFile; fileRef = 6720505A2BAA0BAE005B00E7 /* ItemScreen.swift */; };
		6720505F2BAA0D46005B00E7 /* Item+.swift in Sources */ = {isa = PBXBuildFile; fileRef = 6720505E2BAA0D46005B00E7 /* Item+.swift */; };
		674B7B182BB0A8A300C276AA /* Localizable.xcstrings in Resources */ = {isa = PBXBuildFile; fileRef = 674B7B172BB0A8A300C276AA /* Localizable.xcstrings */; };
		674B7B1A2BB0B3CD00C276AA /* RootScreen.swift in Sources */ = {isa = PBXBuildFile; fileRef = 674B7B192BB0B3CD00C276AA /* RootScreen.swift */; };
		674B7B1C2BB0B60600C276AA /* MoreScreen.swift in Sources */ = {isa = PBXBuildFile; fileRef = 674B7B1B2BB0B60600C276AA /* MoreScreen.swift */; };
		674B7B1E2BB0B78F00C276AA /* FeedbackSender.swift in Sources */ = {isa = PBXBuildFile; fileRef = 674B7B1D2BB0B78F00C276AA /* FeedbackSender.swift */; };
		678FF1452BAEE44F00092ED4 /* EditItemScreen.swift in Sources */ = {isa = PBXBuildFile; fileRef = 678FF1442BAEE44F00092ED4 /* EditItemScreen.swift */; };
		678FF1482BAF09BE00092ED4 /* DaysEditButton.swift in Sources */ = {isa = PBXBuildFile; fileRef = 678FF1472BAF09BE00092ED4 /* DaysEditButton.swift */; };
		678FF14A2BAF0C0800092ED4 /* DaysDeleteButton.swift in Sources */ = {isa = PBXBuildFile; fileRef = 678FF1492BAF0C0800092ED4 /* DaysDeleteButton.swift */; };
		678FF14C2BAF24B100092ED4 /* MainScreen+ListView.swift in Sources */ = {isa = PBXBuildFile; fileRef = 678FF14B2BAF24B100092ED4 /* MainScreen+ListView.swift */; };
		678FF14F2BB0209700092ED4 /* ReadSectionView.swift in Sources */ = {isa = PBXBuildFile; fileRef = 678FF14E2BB0209700092ED4 /* ReadSectionView.swift */; };
		67C124FB2BB1E511007091F1 /* UncheckedSendable+.swift in Sources */ = {isa = PBXBuildFile; fileRef = 67C124FA2BB1E511007091F1 /* UncheckedSendable+.swift */; };
		67FF41DC2BB03120007D4B34 /* PreviewModelContainer.swift in Sources */ = {isa = PBXBuildFile; fileRef = 67FF41DB2BB03120007D4B34 /* PreviewModelContainer.swift */; };
		67FF41DE2BB036C3007D4B34 /* EditSectionView.swift in Sources */ = {isa = PBXBuildFile; fileRef = 67FF41DD2BB036C3007D4B34 /* EditSectionView.swift */; };
		67FF41FD2BB08A42007D4B34 /* LaunchScreen.storyboard in Resources */ = {isa = PBXBuildFile; fileRef = 67FF41FC2BB08A42007D4B34 /* LaunchScreen.storyboard */; };
/* End PBXBuildFile section */

/* Begin PBXFileReference section */
		6720502A2BA9F8C6005B00E7 /* SwiftUI-Days.app */ = {isa = PBXFileReference; explicitFileType = wrapper.application; includeInIndex = 0; path = "SwiftUI-Days.app"; sourceTree = BUILT_PRODUCTS_DIR; };
		6720502D2BA9F8C6005B00E7 /* SwiftUI_DaysApp.swift */ = {isa = PBXFileReference; lastKnownFileType = sourcecode.swift; path = SwiftUI_DaysApp.swift; sourceTree = "<group>"; };
		6720502F2BA9F8C6005B00E7 /* MainScreen.swift */ = {isa = PBXFileReference; lastKnownFileType = sourcecode.swift; path = MainScreen.swift; sourceTree = "<group>"; };
		672050312BA9F8C6005B00E7 /* Item.swift */ = {isa = PBXFileReference; lastKnownFileType = sourcecode.swift; path = Item.swift; sourceTree = "<group>"; };
		672050332BA9F8C7005B00E7 /* Assets.xcassets */ = {isa = PBXFileReference; lastKnownFileType = folder.assetcatalog; path = Assets.xcassets; sourceTree = "<group>"; };
		672050352BA9F8C7005B00E7 /* SwiftUI_Days.entitlements */ = {isa = PBXFileReference; lastKnownFileType = text.plist.entitlements; path = SwiftUI_Days.entitlements; sourceTree = "<group>"; };
		672050372BA9F8C7005B00E7 /* Preview Assets.xcassets */ = {isa = PBXFileReference; lastKnownFileType = folder.assetcatalog; path = "Preview Assets.xcassets"; sourceTree = "<group>"; };
		6720505A2BAA0BAE005B00E7 /* ItemScreen.swift */ = {isa = PBXFileReference; lastKnownFileType = sourcecode.swift; path = ItemScreen.swift; sourceTree = "<group>"; };
		6720505E2BAA0D46005B00E7 /* Item+.swift */ = {isa = PBXFileReference; lastKnownFileType = sourcecode.swift; path = "Item+.swift"; sourceTree = "<group>"; };
		674B7B172BB0A8A300C276AA /* Localizable.xcstrings */ = {isa = PBXFileReference; lastKnownFileType = text.json.xcstrings; path = Localizable.xcstrings; sourceTree = "<group>"; };
		674B7B192BB0B3CD00C276AA /* RootScreen.swift */ = {isa = PBXFileReference; lastKnownFileType = sourcecode.swift; path = RootScreen.swift; sourceTree = "<group>"; };
		674B7B1B2BB0B60600C276AA /* MoreScreen.swift */ = {isa = PBXFileReference; lastKnownFileType = sourcecode.swift; path = MoreScreen.swift; sourceTree = "<group>"; };
		674B7B1D2BB0B78F00C276AA /* FeedbackSender.swift */ = {isa = PBXFileReference; lastKnownFileType = sourcecode.swift; path = FeedbackSender.swift; sourceTree = "<group>"; };
		678FF1442BAEE44F00092ED4 /* EditItemScreen.swift */ = {isa = PBXFileReference; lastKnownFileType = sourcecode.swift; path = EditItemScreen.swift; sourceTree = "<group>"; };
		678FF1472BAF09BE00092ED4 /* DaysEditButton.swift */ = {isa = PBXFileReference; lastKnownFileType = sourcecode.swift; path = DaysEditButton.swift; sourceTree = "<group>"; };
		678FF1492BAF0C0800092ED4 /* DaysDeleteButton.swift */ = {isa = PBXFileReference; lastKnownFileType = sourcecode.swift; path = DaysDeleteButton.swift; sourceTree = "<group>"; };
		678FF14B2BAF24B100092ED4 /* MainScreen+ListView.swift */ = {isa = PBXFileReference; lastKnownFileType = sourcecode.swift; path = "MainScreen+ListView.swift"; sourceTree = "<group>"; };
		678FF14E2BB0209700092ED4 /* ReadSectionView.swift */ = {isa = PBXFileReference; lastKnownFileType = sourcecode.swift; path = ReadSectionView.swift; sourceTree = "<group>"; };
		67C124F92BB1DE0A007091F1 /* Info.plist */ = {isa = PBXFileReference; lastKnownFileType = text.plist.xml; path = Info.plist; sourceTree = "<group>"; };
		67C124FA2BB1E511007091F1 /* UncheckedSendable+.swift */ = {isa = PBXFileReference; lastKnownFileType = sourcecode.swift; path = "UncheckedSendable+.swift"; sourceTree = "<group>"; };
		67FF41DB2BB03120007D4B34 /* PreviewModelContainer.swift */ = {isa = PBXFileReference; lastKnownFileType = sourcecode.swift; path = PreviewModelContainer.swift; sourceTree = "<group>"; };
		67FF41DD2BB036C3007D4B34 /* EditSectionView.swift */ = {isa = PBXFileReference; lastKnownFileType = sourcecode.swift; path = EditSectionView.swift; sourceTree = "<group>"; };
		67FF41FC2BB08A42007D4B34 /* LaunchScreen.storyboard */ = {isa = PBXFileReference; lastKnownFileType = file.storyboard; path = LaunchScreen.storyboard; sourceTree = "<group>"; };
/* End PBXFileReference section */

/* Begin PBXFrameworksBuildPhase section */
		672050272BA9F8C6005B00E7 /* Frameworks */ = {
			isa = PBXFrameworksBuildPhase;
			buildActionMask = 2147483647;
			files = (
			);
			runOnlyForDeploymentPostprocessing = 0;
		};
/* End PBXFrameworksBuildPhase section */

/* Begin PBXGroup section */
		672050212BA9F8C6005B00E7 = {
			isa = PBXGroup;
			children = (
				6720502C2BA9F8C6005B00E7 /* SwiftUI-Days */,
				6720502B2BA9F8C6005B00E7 /* Products */,
			);
			sourceTree = "<group>";
		};
		6720502B2BA9F8C6005B00E7 /* Products */ = {
			isa = PBXGroup;
			children = (
				6720502A2BA9F8C6005B00E7 /* SwiftUI-Days.app */,
			);
			name = Products;
			sourceTree = "<group>";
		};
		6720502C2BA9F8C6005B00E7 /* SwiftUI-Days */ = {
			isa = PBXGroup;
			children = (
				678FF14D2BAF440100092ED4 /* SupportingFiles */,
				672050622BAA204D005B00E7 /* Screens */,
				6720502D2BA9F8C6005B00E7 /* SwiftUI_DaysApp.swift */,
				672050312BA9F8C6005B00E7 /* Item.swift */,
				672050362BA9F8C7005B00E7 /* Preview Content */,
				674B7B1D2BB0B78F00C276AA /* FeedbackSender.swift */,
			);
			path = "SwiftUI-Days";
			sourceTree = "<group>";
		};
		672050362BA9F8C7005B00E7 /* Preview Content */ = {
			isa = PBXGroup;
			children = (
				672050372BA9F8C7005B00E7 /* Preview Assets.xcassets */,
				6720505E2BAA0D46005B00E7 /* Item+.swift */,
				67FF41DB2BB03120007D4B34 /* PreviewModelContainer.swift */,
			);
			path = "Preview Content";
			sourceTree = "<group>";
		};
		672050622BAA204D005B00E7 /* Screens */ = {
			isa = PBXGroup;
			children = (
				678FF1462BAF09AF00092ED4 /* Views */,
				672050642BAA2070005B00E7 /* Detail */,
				672050632BAA2065005B00E7 /* Main */,
				674B7B192BB0B3CD00C276AA /* RootScreen.swift */,
				674B7B1B2BB0B60600C276AA /* MoreScreen.swift */,
			);
			path = Screens;
			sourceTree = "<group>";
		};
		672050632BAA2065005B00E7 /* Main */ = {
			isa = PBXGroup;
			children = (
				6720502F2BA9F8C6005B00E7 /* MainScreen.swift */,
				678FF14B2BAF24B100092ED4 /* MainScreen+ListView.swift */,
			);
			path = Main;
			sourceTree = "<group>";
		};
		672050642BAA2070005B00E7 /* Detail */ = {
			isa = PBXGroup;
			children = (
				6720505A2BAA0BAE005B00E7 /* ItemScreen.swift */,
				678FF1442BAEE44F00092ED4 /* EditItemScreen.swift */,
			);
			path = Detail;
			sourceTree = "<group>";
		};
		678FF1462BAF09AF00092ED4 /* Views */ = {
			isa = PBXGroup;
			children = (
				678FF1472BAF09BE00092ED4 /* DaysEditButton.swift */,
				678FF1492BAF0C0800092ED4 /* DaysDeleteButton.swift */,
				678FF14E2BB0209700092ED4 /* ReadSectionView.swift */,
				67FF41DD2BB036C3007D4B34 /* EditSectionView.swift */,
			);
			path = Views;
			sourceTree = "<group>";
		};
		678FF14D2BAF440100092ED4 /* SupportingFiles */ = {
			isa = PBXGroup;
			children = (
				67C124F92BB1DE0A007091F1 /* Info.plist */,
				672050332BA9F8C7005B00E7 /* Assets.xcassets */,
				672050352BA9F8C7005B00E7 /* SwiftUI_Days.entitlements */,
				67FF41FC2BB08A42007D4B34 /* LaunchScreen.storyboard */,
				674B7B172BB0A8A300C276AA /* Localizable.xcstrings */,
				67C124FA2BB1E511007091F1 /* UncheckedSendable+.swift */,
			);
			path = SupportingFiles;
			sourceTree = "<group>";
		};
/* End PBXGroup section */

/* Begin PBXNativeTarget section */
		672050292BA9F8C6005B00E7 /* SwiftUI-Days */ = {
			isa = PBXNativeTarget;
			buildConfigurationList = 672050512BA9F8C7005B00E7 /* Build configuration list for PBXNativeTarget "SwiftUI-Days" */;
			buildPhases = (
				672050262BA9F8C6005B00E7 /* Sources */,
				672050272BA9F8C6005B00E7 /* Frameworks */,
				672050282BA9F8C6005B00E7 /* Resources */,
			);
			buildRules = (
			);
			dependencies = (
			);
			name = "SwiftUI-Days";
			productName = "SwiftUI-Days";
			productReference = 6720502A2BA9F8C6005B00E7 /* SwiftUI-Days.app */;
			productType = "com.apple.product-type.application";
		};
/* End PBXNativeTarget section */

/* Begin PBXProject section */
		672050222BA9F8C6005B00E7 /* Project object */ = {
			isa = PBXProject;
			attributes = {
				BuildIndependentTargetsInParallel = 1;
				LastSwiftUpdateCheck = 1530;
				LastUpgradeCheck = 1530;
				TargetAttributes = {
					672050292BA9F8C6005B00E7 = {
						CreatedOnToolsVersion = 15.3;
					};
				};
			};
			buildConfigurationList = 672050252BA9F8C6005B00E7 /* Build configuration list for PBXProject "SwiftUI-Days" */;
			compatibilityVersion = "Xcode 14.0";
			developmentRegion = en;
			hasScannedForEncodings = 0;
			knownRegions = (
				en,
				ru,
				Base,
			);
			mainGroup = 672050212BA9F8C6005B00E7;
			productRefGroup = 6720502B2BA9F8C6005B00E7 /* Products */;
			projectDirPath = "";
			projectRoot = "";
			targets = (
				672050292BA9F8C6005B00E7 /* SwiftUI-Days */,
			);
		};
/* End PBXProject section */

/* Begin PBXResourcesBuildPhase section */
		672050282BA9F8C6005B00E7 /* Resources */ = {
			isa = PBXResourcesBuildPhase;
			buildActionMask = 2147483647;
			files = (
				67FF41FD2BB08A42007D4B34 /* LaunchScreen.storyboard in Resources */,
				672050382BA9F8C7005B00E7 /* Preview Assets.xcassets in Resources */,
				674B7B182BB0A8A300C276AA /* Localizable.xcstrings in Resources */,
				672050342BA9F8C7005B00E7 /* Assets.xcassets in Resources */,
			);
			runOnlyForDeploymentPostprocessing = 0;
		};
/* End PBXResourcesBuildPhase section */

/* Begin PBXSourcesBuildPhase section */
		672050262BA9F8C6005B00E7 /* Sources */ = {
			isa = PBXSourcesBuildPhase;
			buildActionMask = 2147483647;
			files = (
				672050302BA9F8C6005B00E7 /* MainScreen.swift in Sources */,
				672050322BA9F8C6005B00E7 /* Item.swift in Sources */,
				6720505B2BAA0BAE005B00E7 /* ItemScreen.swift in Sources */,
				674B7B1A2BB0B3CD00C276AA /* RootScreen.swift in Sources */,
				6720505F2BAA0D46005B00E7 /* Item+.swift in Sources */,
				67FF41DE2BB036C3007D4B34 /* EditSectionView.swift in Sources */,
				67C124FB2BB1E511007091F1 /* UncheckedSendable+.swift in Sources */,
				678FF14C2BAF24B100092ED4 /* MainScreen+ListView.swift in Sources */,
				678FF1482BAF09BE00092ED4 /* DaysEditButton.swift in Sources */,
				678FF1452BAEE44F00092ED4 /* EditItemScreen.swift in Sources */,
				67FF41DC2BB03120007D4B34 /* PreviewModelContainer.swift in Sources */,
				6720502E2BA9F8C6005B00E7 /* SwiftUI_DaysApp.swift in Sources */,
				674B7B1C2BB0B60600C276AA /* MoreScreen.swift in Sources */,
				678FF14F2BB0209700092ED4 /* ReadSectionView.swift in Sources */,
				674B7B1E2BB0B78F00C276AA /* FeedbackSender.swift in Sources */,
				678FF14A2BAF0C0800092ED4 /* DaysDeleteButton.swift in Sources */,
			);
			runOnlyForDeploymentPostprocessing = 0;
		};
/* End PBXSourcesBuildPhase section */

/* Begin XCBuildConfiguration section */
		6720504F2BA9F8C7005B00E7 /* Debug */ = {
			isa = XCBuildConfiguration;
			buildSettings = {
				ALWAYS_SEARCH_USER_PATHS = NO;
				ASSETCATALOG_COMPILER_GENERATE_SWIFT_ASSET_SYMBOL_EXTENSIONS = YES;
				CLANG_ANALYZER_NONNULL = YES;
				CLANG_ANALYZER_NUMBER_OBJECT_CONVERSION = YES_AGGRESSIVE;
				CLANG_CXX_LANGUAGE_STANDARD = "gnu++20";
				CLANG_ENABLE_MODULES = YES;
				CLANG_ENABLE_OBJC_ARC = YES;
				CLANG_ENABLE_OBJC_WEAK = YES;
				CLANG_WARN_BLOCK_CAPTURE_AUTORELEASING = YES;
				CLANG_WARN_BOOL_CONVERSION = YES;
				CLANG_WARN_COMMA = YES;
				CLANG_WARN_CONSTANT_CONVERSION = YES;
				CLANG_WARN_DEPRECATED_OBJC_IMPLEMENTATIONS = YES;
				CLANG_WARN_DIRECT_OBJC_ISA_USAGE = YES_ERROR;
				CLANG_WARN_DOCUMENTATION_COMMENTS = YES;
				CLANG_WARN_EMPTY_BODY = YES;
				CLANG_WARN_ENUM_CONVERSION = YES;
				CLANG_WARN_INFINITE_RECURSION = YES;
				CLANG_WARN_INT_CONVERSION = YES;
				CLANG_WARN_NON_LITERAL_NULL_CONVERSION = YES;
				CLANG_WARN_OBJC_IMPLICIT_RETAIN_SELF = YES;
				CLANG_WARN_OBJC_LITERAL_CONVERSION = YES;
				CLANG_WARN_OBJC_ROOT_CLASS = YES_ERROR;
				CLANG_WARN_QUOTED_INCLUDE_IN_FRAMEWORK_HEADER = YES;
				CLANG_WARN_RANGE_LOOP_ANALYSIS = YES;
				CLANG_WARN_STRICT_PROTOTYPES = YES;
				CLANG_WARN_SUSPICIOUS_MOVE = YES;
				CLANG_WARN_UNGUARDED_AVAILABILITY = YES_AGGRESSIVE;
				CLANG_WARN_UNREACHABLE_CODE = YES;
				CLANG_WARN__DUPLICATE_METHOD_MATCH = YES;
				COPY_PHASE_STRIP = NO;
				DEBUG_INFORMATION_FORMAT = dwarf;
				ENABLE_STRICT_OBJC_MSGSEND = YES;
				ENABLE_TESTABILITY = YES;
				ENABLE_USER_SCRIPT_SANDBOXING = YES;
				GCC_C_LANGUAGE_STANDARD = gnu17;
				GCC_DYNAMIC_NO_PIC = NO;
				GCC_NO_COMMON_BLOCKS = YES;
				GCC_OPTIMIZATION_LEVEL = 0;
				GCC_PREPROCESSOR_DEFINITIONS = (
					"DEBUG=1",
					"$(inherited)",
				);
				GCC_WARN_64_TO_32_BIT_CONVERSION = YES;
				GCC_WARN_ABOUT_RETURN_TYPE = YES_ERROR;
				GCC_WARN_UNDECLARED_SELECTOR = YES;
				GCC_WARN_UNINITIALIZED_AUTOS = YES_AGGRESSIVE;
				GCC_WARN_UNUSED_FUNCTION = YES;
				GCC_WARN_UNUSED_VARIABLE = YES;
				IPHONEOS_DEPLOYMENT_TARGET = 17.0;
				LOCALIZATION_PREFERS_STRING_CATALOGS = YES;
				MTL_ENABLE_DEBUG_INFO = INCLUDE_SOURCE;
				MTL_FAST_MATH = YES;
				ONLY_ACTIVE_ARCH = YES;
				SWIFT_ACTIVE_COMPILATION_CONDITIONS = "DEBUG $(inherited)";
				SWIFT_OPTIMIZATION_LEVEL = "-Onone";
			};
			name = Debug;
		};
		672050502BA9F8C7005B00E7 /* Release */ = {
			isa = XCBuildConfiguration;
			buildSettings = {
				ALWAYS_SEARCH_USER_PATHS = NO;
				ASSETCATALOG_COMPILER_GENERATE_SWIFT_ASSET_SYMBOL_EXTENSIONS = YES;
				CLANG_ANALYZER_NONNULL = YES;
				CLANG_ANALYZER_NUMBER_OBJECT_CONVERSION = YES_AGGRESSIVE;
				CLANG_CXX_LANGUAGE_STANDARD = "gnu++20";
				CLANG_ENABLE_MODULES = YES;
				CLANG_ENABLE_OBJC_ARC = YES;
				CLANG_ENABLE_OBJC_WEAK = YES;
				CLANG_WARN_BLOCK_CAPTURE_AUTORELEASING = YES;
				CLANG_WARN_BOOL_CONVERSION = YES;
				CLANG_WARN_COMMA = YES;
				CLANG_WARN_CONSTANT_CONVERSION = YES;
				CLANG_WARN_DEPRECATED_OBJC_IMPLEMENTATIONS = YES;
				CLANG_WARN_DIRECT_OBJC_ISA_USAGE = YES_ERROR;
				CLANG_WARN_DOCUMENTATION_COMMENTS = YES;
				CLANG_WARN_EMPTY_BODY = YES;
				CLANG_WARN_ENUM_CONVERSION = YES;
				CLANG_WARN_INFINITE_RECURSION = YES;
				CLANG_WARN_INT_CONVERSION = YES;
				CLANG_WARN_NON_LITERAL_NULL_CONVERSION = YES;
				CLANG_WARN_OBJC_IMPLICIT_RETAIN_SELF = YES;
				CLANG_WARN_OBJC_LITERAL_CONVERSION = YES;
				CLANG_WARN_OBJC_ROOT_CLASS = YES_ERROR;
				CLANG_WARN_QUOTED_INCLUDE_IN_FRAMEWORK_HEADER = YES;
				CLANG_WARN_RANGE_LOOP_ANALYSIS = YES;
				CLANG_WARN_STRICT_PROTOTYPES = YES;
				CLANG_WARN_SUSPICIOUS_MOVE = YES;
				CLANG_WARN_UNGUARDED_AVAILABILITY = YES_AGGRESSIVE;
				CLANG_WARN_UNREACHABLE_CODE = YES;
				CLANG_WARN__DUPLICATE_METHOD_MATCH = YES;
				COPY_PHASE_STRIP = NO;
				DEBUG_INFORMATION_FORMAT = "dwarf-with-dsym";
				ENABLE_NS_ASSERTIONS = NO;
				ENABLE_STRICT_OBJC_MSGSEND = YES;
				ENABLE_USER_SCRIPT_SANDBOXING = YES;
				GCC_C_LANGUAGE_STANDARD = gnu17;
				GCC_NO_COMMON_BLOCKS = YES;
				GCC_WARN_64_TO_32_BIT_CONVERSION = YES;
				GCC_WARN_ABOUT_RETURN_TYPE = YES_ERROR;
				GCC_WARN_UNDECLARED_SELECTOR = YES;
				GCC_WARN_UNINITIALIZED_AUTOS = YES_AGGRESSIVE;
				GCC_WARN_UNUSED_FUNCTION = YES;
				GCC_WARN_UNUSED_VARIABLE = YES;
				IPHONEOS_DEPLOYMENT_TARGET = 17.0;
				LOCALIZATION_PREFERS_STRING_CATALOGS = YES;
				MTL_ENABLE_DEBUG_INFO = NO;
				MTL_FAST_MATH = YES;
				SWIFT_COMPILATION_MODE = wholemodule;
			};
			name = Release;
		};
		672050522BA9F8C7005B00E7 /* Debug */ = {
			isa = XCBuildConfiguration;
			buildSettings = {
				ASSETCATALOG_COMPILER_APPICON_NAME = AppIcon;
				ASSETCATALOG_COMPILER_GLOBAL_ACCENT_COLOR_NAME = AccentColor;
				CODE_SIGN_ENTITLEMENTS = "SwiftUI-Days/SupportingFiles/SwiftUI_Days.entitlements";
				CODE_SIGN_STYLE = Automatic;
				CURRENT_PROJECT_VERSION = 1;
				DEVELOPMENT_ASSET_PATHS = "\"SwiftUI-Days/Preview Content\"";
				DEVELOPMENT_TEAM = 3PHS45582J;
				ENABLE_HARDENED_RUNTIME = YES;
				ENABLE_PREVIEWS = YES;
				GENERATE_INFOPLIST_FILE = YES;
				INFOPLIST_FILE = "SwiftUI-Days/SupportingFiles/Info.plist";
				INFOPLIST_KEY_CFBundleDisplayName = Days;
				INFOPLIST_KEY_LSApplicationCategoryType = "public.app-category.utilities";
				"INFOPLIST_KEY_UIApplicationSceneManifest_Generation[sdk=iphoneos*]" = YES;
				"INFOPLIST_KEY_UIApplicationSceneManifest_Generation[sdk=iphonesimulator*]" = YES;
				"INFOPLIST_KEY_UIApplicationSupportsIndirectInputEvents[sdk=iphoneos*]" = YES;
				"INFOPLIST_KEY_UIApplicationSupportsIndirectInputEvents[sdk=iphonesimulator*]" = YES;
				"INFOPLIST_KEY_UILaunchScreen_Generation[sdk=iphoneos*]" = YES;
				"INFOPLIST_KEY_UILaunchScreen_Generation[sdk=iphonesimulator*]" = YES;
				INFOPLIST_KEY_UILaunchStoryboardName = LaunchScreen.storyboard;
				"INFOPLIST_KEY_UIStatusBarStyle[sdk=iphoneos*]" = UIStatusBarStyleDefault;
				"INFOPLIST_KEY_UIStatusBarStyle[sdk=iphonesimulator*]" = UIStatusBarStyleDefault;
				INFOPLIST_KEY_UISupportedInterfaceOrientations = "UIInterfaceOrientationLandscapeLeft UIInterfaceOrientationLandscapeRight UIInterfaceOrientationPortrait";
				INFOPLIST_KEY_UISupportedInterfaceOrientations_iPad = "UIInterfaceOrientationLandscapeLeft UIInterfaceOrientationLandscapeRight UIInterfaceOrientationPortrait UIInterfaceOrientationPortraitUpsideDown";
				IPHONEOS_DEPLOYMENT_TARGET = 17.0;
				LD_RUNPATH_SEARCH_PATHS = "@executable_path/Frameworks";
				"LD_RUNPATH_SEARCH_PATHS[sdk=macosx*]" = "@executable_path/../Frameworks";
				MACOSX_DEPLOYMENT_TARGET = 14.0;
				MARKETING_VERSION = 1.0;
				PRODUCT_BUNDLE_IDENTIFIER = "com.oleg991.SwiftUI-Days";
				PRODUCT_NAME = "$(TARGET_NAME)";
				SDKROOT = auto;
				SUPPORTED_PLATFORMS = "iphoneos iphonesimulator";
				SUPPORTS_MACCATALYST = NO;
				SWIFT_EMIT_LOC_STRINGS = YES;
				SWIFT_STRICT_CONCURRENCY = complete;
				SWIFT_VERSION = 5.0;
				TARGETED_DEVICE_FAMILY = "1,2";
			};
			name = Debug;
		};
		672050532BA9F8C7005B00E7 /* Release */ = {
			isa = XCBuildConfiguration;
			buildSettings = {
				ASSETCATALOG_COMPILER_APPICON_NAME = AppIcon;
				ASSETCATALOG_COMPILER_GLOBAL_ACCENT_COLOR_NAME = AccentColor;
				CODE_SIGN_ENTITLEMENTS = "SwiftUI-Days/SupportingFiles/SwiftUI_Days.entitlements";
				CODE_SIGN_STYLE = Automatic;
				CURRENT_PROJECT_VERSION = 1;
				DEVELOPMENT_ASSET_PATHS = "\"SwiftUI-Days/Preview Content\"";
				DEVELOPMENT_TEAM = 3PHS45582J;
				ENABLE_HARDENED_RUNTIME = YES;
				ENABLE_PREVIEWS = YES;
				GENERATE_INFOPLIST_FILE = YES;
				INFOPLIST_FILE = "SwiftUI-Days/SupportingFiles/Info.plist";
				INFOPLIST_KEY_CFBundleDisplayName = Days;
				INFOPLIST_KEY_LSApplicationCategoryType = "public.app-category.utilities";
				"INFOPLIST_KEY_UIApplicationSceneManifest_Generation[sdk=iphoneos*]" = YES;
				"INFOPLIST_KEY_UIApplicationSceneManifest_Generation[sdk=iphonesimulator*]" = YES;
				"INFOPLIST_KEY_UIApplicationSupportsIndirectInputEvents[sdk=iphoneos*]" = YES;
				"INFOPLIST_KEY_UIApplicationSupportsIndirectInputEvents[sdk=iphonesimulator*]" = YES;
				"INFOPLIST_KEY_UILaunchScreen_Generation[sdk=iphoneos*]" = YES;
				"INFOPLIST_KEY_UILaunchScreen_Generation[sdk=iphonesimulator*]" = YES;
				INFOPLIST_KEY_UILaunchStoryboardName = LaunchScreen.storyboard;
				"INFOPLIST_KEY_UIStatusBarStyle[sdk=iphoneos*]" = UIStatusBarStyleDefault;
				"INFOPLIST_KEY_UIStatusBarStyle[sdk=iphonesimulator*]" = UIStatusBarStyleDefault;
				INFOPLIST_KEY_UISupportedInterfaceOrientations = "UIInterfaceOrientationLandscapeLeft UIInterfaceOrientationLandscapeRight UIInterfaceOrientationPortrait";
				INFOPLIST_KEY_UISupportedInterfaceOrientations_iPad = "UIInterfaceOrientationLandscapeLeft UIInterfaceOrientationLandscapeRight UIInterfaceOrientationPortrait UIInterfaceOrientationPortraitUpsideDown";
				IPHONEOS_DEPLOYMENT_TARGET = 17.0;
				LD_RUNPATH_SEARCH_PATHS = "@executable_path/Frameworks";
				"LD_RUNPATH_SEARCH_PATHS[sdk=macosx*]" = "@executable_path/../Frameworks";
				MACOSX_DEPLOYMENT_TARGET = 14.0;
				MARKETING_VERSION = 1.0;
				PRODUCT_BUNDLE_IDENTIFIER = "com.oleg991.SwiftUI-Days";
				PRODUCT_NAME = "$(TARGET_NAME)";
				SDKROOT = auto;
				SUPPORTED_PLATFORMS = "iphoneos iphonesimulator";
				SUPPORTS_MACCATALYST = NO;
				SWIFT_EMIT_LOC_STRINGS = YES;
				SWIFT_STRICT_CONCURRENCY = complete;
				SWIFT_VERSION = 5.0;
				TARGETED_DEVICE_FAMILY = "1,2";
			};
			name = Release;
		};
/* End XCBuildConfiguration section */

/* Begin XCConfigurationList section */
		672050252BA9F8C6005B00E7 /* Build configuration list for PBXProject "SwiftUI-Days" */ = {
			isa = XCConfigurationList;
			buildConfigurations = (
				6720504F2BA9F8C7005B00E7 /* Debug */,
				672050502BA9F8C7005B00E7 /* Release */,
			);
			defaultConfigurationIsVisible = 0;
			defaultConfigurationName = Release;
		};
		672050512BA9F8C7005B00E7 /* Build configuration list for PBXNativeTarget "SwiftUI-Days" */ = {
			isa = XCConfigurationList;
			buildConfigurations = (
				672050522BA9F8C7005B00E7 /* Debug */,
				672050532BA9F8C7005B00E7 /* Release */,
			);
			defaultConfigurationIsVisible = 0;
			defaultConfigurationName = Release;
		};
/* End XCConfigurationList section */
	};
	rootObject = 672050222BA9F8C6005B00E7 /* Project object */;
}
